{
  "name": "nzlib",
  "version": "0.0.1",
  "lockfileVersion": 1,
  "requires": true,
  "dependencies": {
    "@angular/cdk": {
      "version": "7.1.1",
      "resolved": "https://registry.npmjs.org/@angular/cdk/-/cdk-7.1.1.tgz",
      "integrity": "sha512-woW9lWDBKRuxZipMzWofrAY7YpuZd4vf/J1YPjmAqV7U94MaDFyizRLyFolbTZVYo8ggh9U3SQAWRrEBvJNsjg==",
      "requires": {
        "parse5": "^5.0.0",
        "tslib": "^1.7.1"
      }
    },
    "@angularclass/hmr": {
      "version": "2.1.3",
      "resolved": "https://registry.npmjs.org/@angularclass/hmr/-/hmr-2.1.3.tgz",
      "integrity": "sha1-NOZY7T2jfyOwogDi2lqJvpK7IJ8="
    },
    "@ant-design/icons-angular": {
      "version": "2.0.0-beta.1",
      "resolved": "https://registry.npmjs.org/@ant-design/icons-angular/-/icons-angular-2.0.0-beta.1.tgz",
      "integrity": "sha512-yGvpuxmrOPbtxk/uB7QQgVGu4qwjQiAJG4Ad6ImbUn10iNoZYteZACjd+elgUuog1Lm4Sr61YqY+5vDSmAayvQ==",
      "requires": {
        "ant-design-palettes": "^1.1.3",
        "tslib": "^1.9.0"
      }
    },
    "amdefine": {
      "version": "1.0.1",
      "resolved": "https://registry.npmjs.org/amdefine/-/amdefine-1.0.1.tgz",
      "integrity": "sha1-SlKCrBZHKek2Gbz9OtFR+BfOkfU=",
      "dev": true
    },
    "ant-design-palettes": {
      "version": "1.1.3",
      "resolved": "https://registry.npmjs.org/ant-design-palettes/-/ant-design-palettes-1.1.3.tgz",
      "integrity": "sha512-UpkkTp8egEN21KZNvY7sTcabLlkHvLvS71EVPk4CYi77Z9AaGGCaVn7i72tbOgWDrQp2wjIg8WgMbKBdK7GtWA==",
      "requires": {
        "tinycolor2": "^1.4.1"
      }
    },
    "autonumeric": {
      "version": "4.5.1",
      "resolved": "https://registry.npmjs.org/autonumeric/-/autonumeric-4.5.1.tgz",
      "integrity": "sha512-NMNaidOYLP9CnDnD9oHhUeyBQXzGLrazidcE9qWHYygP86QZ6A7bsLC4PA39QzGeEdiVr597lrMvC+yGuXcsCw=="
    },
    "clean-css": {
      "version": "3.4.28",
      "resolved": "https://registry.npmjs.org/clean-css/-/clean-css-3.4.28.tgz",
      "integrity": "sha1-vxlF6C/ICPVWlebd6uwBQA79A/8=",
      "dev": true,
      "requires": {
        "commander": "2.8.x",
        "source-map": "0.4.x"
      }
    },
    "commander": {
      "version": "2.8.1",
      "resolved": "http://registry.npmjs.org/commander/-/commander-2.8.1.tgz",
      "integrity": "sha1-Br42f+v9oMMwqh4qBy09yXYkJdQ=",
      "dev": true,
      "requires": {
        "graceful-readlink": ">= 1.0.0"
      }
    },
    "date-fns": {
      "version": "1.30.1",
      "resolved": "https://registry.npmjs.org/date-fns/-/date-fns-1.30.1.tgz",
      "integrity": "sha512-hBSVCvSmWC+QypYObzwGOd9wqdDpOt+0wl0KbU+R+uuZBS1jN8VsD1ss3irQDknRj5NvxiTF6oj/nDRnN/UQNw=="
    },
    "fs-extra": {
      "version": "7.0.1",
      "resolved": "https://registry.npmjs.org/fs-extra/-/fs-extra-7.0.1.tgz",
      "integrity": "sha512-YJDaCJZEnBmcbw13fvdAM9AwNOJwOzrE4pqMqBq5nFiEqXUqHwlK4B+3pUw6JNvfSPtX05xFHtYy/1ni01eGCw==",
      "dev": true,
      "requires": {
        "graceful-fs": "^4.1.2",
        "jsonfile": "^4.0.0",
        "universalify": "^0.1.0"
      }
    },
    "graceful-fs": {
      "version": "4.1.15",
      "resolved": "https://registry.npmjs.org/graceful-fs/-/graceful-fs-4.1.15.tgz",
      "integrity": "sha512-6uHUhOPEBgQ24HM+r6b/QwWfZq+yiFcipKFrOFiBEnWdy5sdzYoi+pJeQaPI5qOLRFqWmAXUPQNsielzdLoecA==",
      "dev": true
    },
    "graceful-readlink": {
      "version": "1.0.1",
      "resolved": "https://registry.npmjs.org/graceful-readlink/-/graceful-readlink-1.0.1.tgz",
      "integrity": "sha1-TK+tdrxi8C+gObL5Tpo906ORpyU=",
      "dev": true
    },
    "hammerjs": {
      "version": "2.0.8",
      "resolved": "https://registry.npmjs.org/hammerjs/-/hammerjs-2.0.8.tgz",
      "integrity": "sha1-BO93hiz/K7edMPdpIJWTAiK/YPE="
    },
    "jsonfile": {
      "version": "4.0.0",
      "resolved": "https://registry.npmjs.org/jsonfile/-/jsonfile-4.0.0.tgz",
      "integrity": "sha1-h3Gq4HmbZAdrdmQPygWPnBDjPss=",
      "dev": true,
      "requires": {
        "graceful-fs": "^4.1.6"
      }
    },
    "less-plugin-clean-css": {
      "version": "1.5.1",
      "resolved": "https://registry.npmjs.org/less-plugin-clean-css/-/less-plugin-clean-css-1.5.1.tgz",
      "integrity": "sha1-zFeveqM5iVflbezr5jy2DCNClwM=",
      "dev": true,
      "requires": {
        "clean-css": "^3.0.1"
      }
    },
    "parse5": {
      "version": "5.1.0",
      "resolved": "https://registry.npmjs.org/parse5/-/parse5-5.1.0.tgz",
      "integrity": "sha512-fxNG2sQjHvlVAYmzBZS9YlDp6PTSSDwa98vkD4QgVDDCAo84z5X1t5XyJQ62ImdLXx5NdIIfihey6xpum9/gRQ==",
      "optional": true
    },
    "source-map": {
      "version": "0.4.4",
      "resolved": "http://registry.npmjs.org/source-map/-/source-map-0.4.4.tgz",
      "integrity": "sha1-66T12pwNyZneaAMti092FzZSA2s=",
      "dev": true,
      "requires": {
        "amdefine": ">=0.0.4"
      }
    },
    "tinycolor2": {
      "version": "1.4.1",
      "resolved": "https://registry.npmjs.org/tinycolor2/-/tinycolor2-1.4.1.tgz",
      "integrity": "sha1-9PrTM0R7wLB9TcjpIJ2POaisd+g="
    },
    "tslib": {
      "version": "1.9.3",
      "resolved": "https://registry.npmjs.org/tslib/-/tslib-1.9.3.tgz",
      "integrity": "sha512-4krF8scpejhaOgqzBEcGM7yDIEfi0/8+8zDRZhNZZ2kjmHJ4hv3zCbQWxoJGz1iw5U0Jl0nma13xzHXcncMavQ=="
    },
    "universalify": {
      "version": "0.1.2",
      "resolved": "https://registry.npmjs.org/universalify/-/universalify-0.1.2.tgz",
      "integrity": "sha512-rBJeI5CXAlmy1pV+617WB9J63U6XcazHHF2f2dbJix4XzpUF0RS3Zbj0FGIOCAva5P/d/GBOYaACQ1w+0azUkg==",
      "dev": true
    }
  }
}
